
Microsoft Visual Studio Solution File, Format Version 12.00
# Visual Studio Version 16
VisualStudioVersion = 16.0.32002.261
MinimumVisualStudioVersion = 10.0.40219.1
Project("{FAE04EC0-301F-11D3-BF4B-00C04F79EFBC}") = "AsansorTakip", "AsansorTakip\AsansorTakip.csproj", "{6A0CEFEC-A382-4BBB-B1BF-6AB58390A781}"
EndProject
Global
	GlobalSection(SolutionConfigurationPlatforms) = preSolution
		Debug|Any CPU = Debug|Any CPU
		Release|Any CPU = Release|Any CPU
	EndGlobalSection
	GlobalSection(ProjectConfigurationPlatforms) = postSolution
		{6A0CEFEC-A382-4BBB-B1BF-6AB58390A781}.Debug|Any CPU.ActiveCfg = Debug|Any CPU
		{6A0CEFEC-A382-4BBB-B1BF-6AB58390A781}.Debug|Any CPU.Build.0 = Debug|Any CPU
		{6A0CEFEC-A382-4BBB-B1BF-6AB58390A781}.Release|Any CPU.ActiveCfg = Release|Any CPU
		{6A0CEFEC-A382-4BBB-B1BF-6AB58390A781}.Release|Any CPU.Build.0 = Release|Any CPU
	EndGlobalSection
	GlobalSection(SolutionProperties) = preSolution
		HideSolutionNode = FALSE
	EndGlobalSection
	GlobalSection(ExtensibilityGlobals) = postSolution
		SolutionGuid = {2999AC89-1B17-4B46-8532-062366835243}
	EndGlobalSection
EndGlobal
